
Microsoft Visual Studio Solution File, Format Version 12.00
# Visual Studio Version 17
VisualStudioVersion = 17.6.33829.357
MinimumVisualStudioVersion = 10.0.40219.1
Project("{FAE04EC0-301F-11D3-BF4B-00C04F79EFBC}") = "ResolveIt", "ResolveIt\ResolveIt.csproj", "{41FDA1E7-FA2A-4D73-84C9-B4032A284B74}"
EndProject
Project("{FAE04EC0-301F-11D3-BF4B-00C04F79EFBC}") = "Back", "Back\Back.csproj", "{7D89D668-8F01-4DE2-B354-E61A08CE5EA8}"
EndProject
Global
	GlobalSection(SolutionConfigurationPlatforms) = preSolution
		Debug|Any CPU = Debug|Any CPU
		Release|Any CPU = Release|Any CPU
	EndGlobalSection
	GlobalSection(ProjectConfigurationPlatforms) = postSolution
		{41FDA1E7-FA2A-4D73-84C9-B4032A284B74}.Debug|Any CPU.ActiveCfg = Debug|Any CPU
		{41FDA1E7-FA2A-4D73-84C9-B4032A284B74}.Debug|Any CPU.Build.0 = Debug|Any CPU
		{41FDA1E7-FA2A-4D73-84C9-B4032A284B74}.Release|Any CPU.ActiveCfg = Release|Any CPU
		{41FDA1E7-FA2A-4D73-84C9-B4032A284B74}.Release|Any CPU.Build.0 = Release|Any CPU
		{7D89D668-8F01-4DE2-B354-E61A08CE5EA8}.Debug|Any CPU.ActiveCfg = Debug|Any CPU
		{7D89D668-8F01-4DE2-B354-E61A08CE5EA8}.Debug|Any CPU.Build.0 = Debug|Any CPU
		{7D89D668-8F01-4DE2-B354-E61A08CE5EA8}.Release|Any CPU.ActiveCfg = Release|Any CPU
		{7D89D668-8F01-4DE2-B354-E61A08CE5EA8}.Release|Any CPU.Build.0 = Release|Any CPU
	EndGlobalSection
	GlobalSection(SolutionProperties) = preSolution
		HideSolutionNode = FALSE
	EndGlobalSection
	GlobalSection(ExtensibilityGlobals) = postSolution
		SolutionGuid = {F1BB89C4-B8F1-4DFC-9D9B-564E77B7D88F}
	EndGlobalSection
EndGlobal
